
Microsoft Visual Studio Solution File, Format Version 12.00
# Visual Studio Version 16
VisualStudioVersion = 16.0.32228.343
MinimumVisualStudioVersion = 10.0.40219.1
Project("{FAE04EC0-301F-11D3-BF4B-00C04F79EFBC}") = "TZ1", "TZ1\TZ1.csproj", "{BB87A375-B966-40D9-A041-E1EE80874AC8}"
EndProject
Global
	GlobalSection(SolutionConfigurationPlatforms) = preSolution
		Debug|Any CPU = Debug|Any CPU
		Release|Any CPU = Release|Any CPU
	EndGlobalSection
	GlobalSection(ProjectConfigurationPlatforms) = postSolution
		{BB87A375-B966-40D9-A041-E1EE80874AC8}.Debug|Any CPU.ActiveCfg = Debug|Any CPU
		{BB87A375-B966-40D9-A041-E1EE80874AC8}.Debug|Any CPU.Build.0 = Debug|Any CPU
		{BB87A375-B966-40D9-A041-E1EE80874AC8}.Release|Any CPU.ActiveCfg = Release|Any CPU
		{BB87A375-B966-40D9-A041-E1EE80874AC8}.Release|Any CPU.Build.0 = Release|Any CPU
	EndGlobalSection
	GlobalSection(SolutionProperties) = preSolution
		HideSolutionNode = FALSE
	EndGlobalSection
	GlobalSection(ExtensibilityGlobals) = postSolution
		SolutionGuid = {7518AB9C-2650-4286-8019-F1C1B9ADFC49}
	EndGlobalSection
EndGlobal
